
Microsoft Visual Studio Solution File, Format Version 12.00
# Visual Studio 15
VisualStudioVersion = 15.0.27703.2042
MinimumVisualStudioVersion = 10.0.40219.1
Project("{FAE04EC0-301F-11D3-BF4B-00C04F79EFBC}") = "MantemientoCliente", "MantemientoCliente\MantemientoCliente.csproj", "{7375F44F-CA7D-459A-8BF5-4493BFB227D2}"
EndProject
Global
	GlobalSection(SolutionConfigurationPlatforms) = preSolution
		Debug|Any CPU = Debug|Any CPU
		Release|Any CPU = Release|Any CPU
	EndGlobalSection
	GlobalSection(ProjectConfigurationPlatforms) = postSolution
		{7375F44F-CA7D-459A-8BF5-4493BFB227D2}.Debug|Any CPU.ActiveCfg = Debug|Any CPU
		{7375F44F-CA7D-459A-8BF5-4493BFB227D2}.Debug|Any CPU.Build.0 = Debug|Any CPU
		{7375F44F-CA7D-459A-8BF5-4493BFB227D2}.Release|Any CPU.ActiveCfg = Release|Any CPU
		{7375F44F-CA7D-459A-8BF5-4493BFB227D2}.Release|Any CPU.Build.0 = Release|Any CPU
	EndGlobalSection
	GlobalSection(SolutionProperties) = preSolution
		HideSolutionNode = FALSE
	EndGlobalSection
	GlobalSection(ExtensibilityGlobals) = postSolution
		SolutionGuid = {EB0C7C5B-CD58-4B5A-B380-380F48221F9C}
	EndGlobalSection
EndGlobal
