
Microsoft Visual Studio Solution File, Format Version 12.00
# Visual Studio 14
VisualStudioVersion = 14.0.25420.1
MinimumVisualStudioVersion = 10.0.40219.1
Project("{FAE04EC0-301F-11D3-BF4B-00C04F79EFBC}") = "CI_Opciones", "CapaDiseñoOpciones\CI_Opciones.csproj", "{A9A43627-769F-4057-B382-C123EA04D896}"
EndProject
Project("{FAE04EC0-301F-11D3-BF4B-00C04F79EFBC}") = "CD_Opciones", "CapaDatosOpciones\CD_Opciones.csproj", "{C1E821D6-8ACA-4840-8249-FC0C0E4944FF}"
EndProject
Project("{FAE04EC0-301F-11D3-BF4B-00C04F79EFBC}") = "CL_Opciones", "CL_Opciones\CL_Opciones.csproj", "{AC7CFFC5-9F29-4F46-880E-CB0E7BA6B6DF}"
EndProject
Global
	GlobalSection(SolutionConfigurationPlatforms) = preSolution
		Debug|Any CPU = Debug|Any CPU
		Release|Any CPU = Release|Any CPU
	EndGlobalSection
	GlobalSection(ProjectConfigurationPlatforms) = postSolution
		{A9A43627-769F-4057-B382-C123EA04D896}.Debug|Any CPU.ActiveCfg = Debug|Any CPU
		{A9A43627-769F-4057-B382-C123EA04D896}.Debug|Any CPU.Build.0 = Debug|Any CPU
		{A9A43627-769F-4057-B382-C123EA04D896}.Release|Any CPU.ActiveCfg = Release|Any CPU
		{A9A43627-769F-4057-B382-C123EA04D896}.Release|Any CPU.Build.0 = Release|Any CPU
		{C1E821D6-8ACA-4840-8249-FC0C0E4944FF}.Debug|Any CPU.ActiveCfg = Debug|Any CPU
		{C1E821D6-8ACA-4840-8249-FC0C0E4944FF}.Debug|Any CPU.Build.0 = Debug|Any CPU
		{C1E821D6-8ACA-4840-8249-FC0C0E4944FF}.Release|Any CPU.ActiveCfg = Release|Any CPU
		{C1E821D6-8ACA-4840-8249-FC0C0E4944FF}.Release|Any CPU.Build.0 = Release|Any CPU
		{AC7CFFC5-9F29-4F46-880E-CB0E7BA6B6DF}.Debug|Any CPU.ActiveCfg = Debug|Any CPU
		{AC7CFFC5-9F29-4F46-880E-CB0E7BA6B6DF}.Debug|Any CPU.Build.0 = Debug|Any CPU
		{AC7CFFC5-9F29-4F46-880E-CB0E7BA6B6DF}.Release|Any CPU.ActiveCfg = Release|Any CPU
		{AC7CFFC5-9F29-4F46-880E-CB0E7BA6B6DF}.Release|Any CPU.Build.0 = Release|Any CPU
	EndGlobalSection
	GlobalSection(SolutionProperties) = preSolution
		HideSolutionNode = FALSE
	EndGlobalSection
EndGlobal
