
Microsoft Visual Studio Solution File, Format Version 12.00
# Visual Studio 15
VisualStudioVersion = 15.0.28307.572
MinimumVisualStudioVersion = 10.0.40219.1
Project("{FAE04EC0-301F-11D3-BF4B-00C04F79EFBC}") = "OperacionesInternas", "OperacionesInternas\OperacionesInternas.csproj", "{91D66F75-A7AD-49AE-8939-8FF8E451D53E}"
EndProject
Project("{FAE04EC0-301F-11D3-BF4B-00C04F79EFBC}") = "CapaLogicaOperacionesInternas", "CapaLogicaOperacionesInternas\CapaLogicaOperacionesInternas.csproj", "{512A0657-83D2-4460-9D61-5F7E77C27635}"
EndProject
Project("{FAE04EC0-301F-11D3-BF4B-00C04F79EFBC}") = "CapaDatosOperacionesInternas", "CapaDatosOperacionesInternas\CapaDatosOperacionesInternas.csproj", "{5E00AD91-9F44-4F6A-A38B-6F56DF82211F}"
EndProject
Global
	GlobalSection(SolutionConfigurationPlatforms) = preSolution
		Debug|Any CPU = Debug|Any CPU
		Release|Any CPU = Release|Any CPU
	EndGlobalSection
	GlobalSection(ProjectConfigurationPlatforms) = postSolution
		{91D66F75-A7AD-49AE-8939-8FF8E451D53E}.Debug|Any CPU.ActiveCfg = Debug|Any CPU
		{91D66F75-A7AD-49AE-8939-8FF8E451D53E}.Debug|Any CPU.Build.0 = Debug|Any CPU
		{91D66F75-A7AD-49AE-8939-8FF8E451D53E}.Release|Any CPU.ActiveCfg = Release|Any CPU
		{91D66F75-A7AD-49AE-8939-8FF8E451D53E}.Release|Any CPU.Build.0 = Release|Any CPU
		{512A0657-83D2-4460-9D61-5F7E77C27635}.Debug|Any CPU.ActiveCfg = Debug|Any CPU
		{512A0657-83D2-4460-9D61-5F7E77C27635}.Debug|Any CPU.Build.0 = Debug|Any CPU
		{512A0657-83D2-4460-9D61-5F7E77C27635}.Release|Any CPU.ActiveCfg = Release|Any CPU
		{512A0657-83D2-4460-9D61-5F7E77C27635}.Release|Any CPU.Build.0 = Release|Any CPU
		{5E00AD91-9F44-4F6A-A38B-6F56DF82211F}.Debug|Any CPU.ActiveCfg = Debug|Any CPU
		{5E00AD91-9F44-4F6A-A38B-6F56DF82211F}.Debug|Any CPU.Build.0 = Debug|Any CPU
		{5E00AD91-9F44-4F6A-A38B-6F56DF82211F}.Release|Any CPU.ActiveCfg = Release|Any CPU
		{5E00AD91-9F44-4F6A-A38B-6F56DF82211F}.Release|Any CPU.Build.0 = Release|Any CPU
	EndGlobalSection
	GlobalSection(SolutionProperties) = preSolution
		HideSolutionNode = FALSE
	EndGlobalSection
	GlobalSection(ExtensibilityGlobals) = postSolution
		SolutionGuid = {46341454-83B4-44E9-8E63-9E4BE8D70AE0}
	EndGlobalSection
EndGlobal
