
Microsoft Visual Studio Solution File, Format Version 12.00
# Visual Studio 15
VisualStudioVersion = 15.0.28307.421
MinimumVisualStudioVersion = 10.0.40219.1
Project("{FAE04EC0-301F-11D3-BF4B-00C04F79EFBC}") = "MantenimientoTipoDeCambio", "MantenimientoTipoDeCambio\MantenimientoTipoDeCambio.csproj", "{1B7871BF-A9BD-4CFA-840D-5B17A7F43C45}"
EndProject
Global
	GlobalSection(SolutionConfigurationPlatforms) = preSolution
		Debug|Any CPU = Debug|Any CPU
		Release|Any CPU = Release|Any CPU
	EndGlobalSection
	GlobalSection(ProjectConfigurationPlatforms) = postSolution
		{1B7871BF-A9BD-4CFA-840D-5B17A7F43C45}.Debug|Any CPU.ActiveCfg = Debug|Any CPU
		{1B7871BF-A9BD-4CFA-840D-5B17A7F43C45}.Debug|Any CPU.Build.0 = Debug|Any CPU
		{1B7871BF-A9BD-4CFA-840D-5B17A7F43C45}.Release|Any CPU.ActiveCfg = Release|Any CPU
		{1B7871BF-A9BD-4CFA-840D-5B17A7F43C45}.Release|Any CPU.Build.0 = Release|Any CPU
	EndGlobalSection
	GlobalSection(SolutionProperties) = preSolution
		HideSolutionNode = FALSE
	EndGlobalSection
	GlobalSection(ExtensibilityGlobals) = postSolution
		SolutionGuid = {075021FB-06AB-4F7D-9BEC-46916F4958B5}
	EndGlobalSection
EndGlobal
