
Microsoft Visual Studio Solution File, Format Version 12.00
# Visual Studio 15
VisualStudioVersion = 15.0.28307.421
MinimumVisualStudioVersion = 10.0.40219.1
Project("{FAE04EC0-301F-11D3-BF4B-00C04F79EFBC}") = "ConsultaSaldos", "ConsultaSaldos\ConsultaSaldos.csproj", "{CD64CCCE-8AED-4AED-9D77-14511489989A}"
EndProject
Project("{FAE04EC0-301F-11D3-BF4B-00C04F79EFBC}") = "DatosConsultaSaldos", "DatosConsultaSaldos\DatosConsultaSaldos.csproj", "{79D72BD5-990E-4271-81C2-FF4B9B9369D3}"
EndProject
Project("{FAE04EC0-301F-11D3-BF4B-00C04F79EFBC}") = "LogicaConsultaSaldos", "LogicaConsultaSaldos\LogicaConsultaSaldos.csproj", "{B0752C00-8D86-4F69-BAF1-2041B05683CA}"
EndProject
Global
	GlobalSection(SolutionConfigurationPlatforms) = preSolution
		Debug|Any CPU = Debug|Any CPU
		Release|Any CPU = Release|Any CPU
	EndGlobalSection
	GlobalSection(ProjectConfigurationPlatforms) = postSolution
		{CD64CCCE-8AED-4AED-9D77-14511489989A}.Debug|Any CPU.ActiveCfg = Debug|Any CPU
		{CD64CCCE-8AED-4AED-9D77-14511489989A}.Debug|Any CPU.Build.0 = Debug|Any CPU
		{CD64CCCE-8AED-4AED-9D77-14511489989A}.Release|Any CPU.ActiveCfg = Release|Any CPU
		{CD64CCCE-8AED-4AED-9D77-14511489989A}.Release|Any CPU.Build.0 = Release|Any CPU
		{79D72BD5-990E-4271-81C2-FF4B9B9369D3}.Debug|Any CPU.ActiveCfg = Debug|Any CPU
		{79D72BD5-990E-4271-81C2-FF4B9B9369D3}.Debug|Any CPU.Build.0 = Debug|Any CPU
		{79D72BD5-990E-4271-81C2-FF4B9B9369D3}.Release|Any CPU.ActiveCfg = Release|Any CPU
		{79D72BD5-990E-4271-81C2-FF4B9B9369D3}.Release|Any CPU.Build.0 = Release|Any CPU
		{B0752C00-8D86-4F69-BAF1-2041B05683CA}.Debug|Any CPU.ActiveCfg = Debug|Any CPU
		{B0752C00-8D86-4F69-BAF1-2041B05683CA}.Debug|Any CPU.Build.0 = Debug|Any CPU
		{B0752C00-8D86-4F69-BAF1-2041B05683CA}.Release|Any CPU.ActiveCfg = Release|Any CPU
		{B0752C00-8D86-4F69-BAF1-2041B05683CA}.Release|Any CPU.Build.0 = Release|Any CPU
	EndGlobalSection
	GlobalSection(SolutionProperties) = preSolution
		HideSolutionNode = FALSE
	EndGlobalSection
	GlobalSection(ExtensibilityGlobals) = postSolution
		SolutionGuid = {13CC612E-94CE-45FD-9C54-77AB8AD9A5B6}
	EndGlobalSection
EndGlobal
