
Microsoft Visual Studio Solution File, Format Version 12.00
# Visual Studio 15
VisualStudioVersion = 15.0.28307.421
MinimumVisualStudioVersion = 10.0.40219.1
Project("{FAE04EC0-301F-11D3-BF4B-00C04F79EFBC}") = "CreacionDeCuentas", "CreacionDeCuentas\CreacionDeCuentas.csproj", "{2FED0870-F4C6-43BF-A368-A2D7BBC0F807}"
EndProject
Project("{FAE04EC0-301F-11D3-BF4B-00C04F79EFBC}") = "CapaLogicaCreacionDeCuentas", "CapaLogicaCreacionDeCuentas\CapaLogicaCreacionDeCuentas.csproj", "{8FC403F7-4FB8-4255-96D4-0948B276463A}"
EndProject
Project("{FAE04EC0-301F-11D3-BF4B-00C04F79EFBC}") = "CapaDatosCreacionDeCuentas", "CapaDatosCreacionDeCuentas\CapaDatosCreacionDeCuentas.csproj", "{86E4A917-92A7-46C2-B364-0F2CFBBBC1B0}"
EndProject
Global
	GlobalSection(SolutionConfigurationPlatforms) = preSolution
		Debug|Any CPU = Debug|Any CPU
		Release|Any CPU = Release|Any CPU
	EndGlobalSection
	GlobalSection(ProjectConfigurationPlatforms) = postSolution
		{2FED0870-F4C6-43BF-A368-A2D7BBC0F807}.Debug|Any CPU.ActiveCfg = Debug|Any CPU
		{2FED0870-F4C6-43BF-A368-A2D7BBC0F807}.Debug|Any CPU.Build.0 = Debug|Any CPU
		{2FED0870-F4C6-43BF-A368-A2D7BBC0F807}.Release|Any CPU.ActiveCfg = Release|Any CPU
		{2FED0870-F4C6-43BF-A368-A2D7BBC0F807}.Release|Any CPU.Build.0 = Release|Any CPU
		{8FC403F7-4FB8-4255-96D4-0948B276463A}.Debug|Any CPU.ActiveCfg = Debug|Any CPU
		{8FC403F7-4FB8-4255-96D4-0948B276463A}.Debug|Any CPU.Build.0 = Debug|Any CPU
		{8FC403F7-4FB8-4255-96D4-0948B276463A}.Release|Any CPU.ActiveCfg = Release|Any CPU
		{8FC403F7-4FB8-4255-96D4-0948B276463A}.Release|Any CPU.Build.0 = Release|Any CPU
		{86E4A917-92A7-46C2-B364-0F2CFBBBC1B0}.Debug|Any CPU.ActiveCfg = Debug|Any CPU
		{86E4A917-92A7-46C2-B364-0F2CFBBBC1B0}.Debug|Any CPU.Build.0 = Debug|Any CPU
		{86E4A917-92A7-46C2-B364-0F2CFBBBC1B0}.Release|Any CPU.ActiveCfg = Release|Any CPU
		{86E4A917-92A7-46C2-B364-0F2CFBBBC1B0}.Release|Any CPU.Build.0 = Release|Any CPU
	EndGlobalSection
	GlobalSection(SolutionProperties) = preSolution
		HideSolutionNode = FALSE
	EndGlobalSection
	GlobalSection(ExtensibilityGlobals) = postSolution
		SolutionGuid = {3B61C612-CF42-4330-AE6D-5C2E8E7EEAD7}
	EndGlobalSection
EndGlobal
